
Microsoft Visual Studio Solution File, Format Version 12.00
# Visual Studio Version 17
VisualStudioVersion = 17.7.34302.85
MinimumVisualStudioVersion = 10.0.40219.1
Project("{FAE04EC0-301F-11D3-BF4B-00C04F79EFBC}") = "AdventOfCode", "AdventOfCode.csproj", "{21DD6BE8-2097-44F1-A53D-49650CD3C090}"
EndProject
Global
	GlobalSection(SolutionConfigurationPlatforms) = preSolution
		Debug|Any CPU = Debug|Any CPU
		Release|Any CPU = Release|Any CPU
	EndGlobalSection
	GlobalSection(ProjectConfigurationPlatforms) = postSolution
		{21DD6BE8-2097-44F1-A53D-49650CD3C090}.Debug|Any CPU.ActiveCfg = Debug|Any CPU
		{21DD6BE8-2097-44F1-A53D-49650CD3C090}.Debug|Any CPU.Build.0 = Debug|Any CPU
		{21DD6BE8-2097-44F1-A53D-49650CD3C090}.Release|Any CPU.ActiveCfg = Release|Any CPU
		{21DD6BE8-2097-44F1-A53D-49650CD3C090}.Release|Any CPU.Build.0 = Release|Any CPU
	EndGlobalSection
	GlobalSection(SolutionProperties) = preSolution
		HideSolutionNode = FALSE
	EndGlobalSection
	GlobalSection(ExtensibilityGlobals) = postSolution
		SolutionGuid = {D78ADCF4-6C5A-42FF-B07B-41C2F0914774}
	EndGlobalSection
EndGlobal
